
Microsoft Visual Studio Solution File, Format Version 12.00
# Visual Studio Version 16
VisualStudioVersion = 16.0.34031.81
MinimumVisualStudioVersion = 10.0.40219.1
Project("{FAE04EC0-301F-11D3-BF4B-00C04F79EFBC}") = "Lab_10", "Lab_10\Lab_10.csproj", "{C7F47672-4D34-49C7-BB32-8B156683CCF1}"
EndProject
Global
	GlobalSection(SolutionConfigurationPlatforms) = preSolution
		Debug|Any CPU = Debug|Any CPU
		Release|Any CPU = Release|Any CPU
	EndGlobalSection
	GlobalSection(ProjectConfigurationPlatforms) = postSolution
		{C7F47672-4D34-49C7-BB32-8B156683CCF1}.Debug|Any CPU.ActiveCfg = Debug|Any CPU
		{C7F47672-4D34-49C7-BB32-8B156683CCF1}.Debug|Any CPU.Build.0 = Debug|Any CPU
		{C7F47672-4D34-49C7-BB32-8B156683CCF1}.Release|Any CPU.ActiveCfg = Release|Any CPU
		{C7F47672-4D34-49C7-BB32-8B156683CCF1}.Release|Any CPU.Build.0 = Release|Any CPU
	EndGlobalSection
	GlobalSection(SolutionProperties) = preSolution
		HideSolutionNode = FALSE
	EndGlobalSection
	GlobalSection(ExtensibilityGlobals) = postSolution
		SolutionGuid = {73F8EB6F-998B-4062-9837-374A72070966}
	EndGlobalSection
EndGlobal
